// !$*UTF8*$!
{
	archiveVersion = 1;
	classes = {
	};
	objectVersion = 46;
	objects = {

/* Begin PBXBuildFile section */
		16EA3C7A1BFAB315002F71B6 /* main.m in Sources */ = {isa = PBXBuildFile; fileRef = 16EA3C791BFAB315002F71B6 /* main.m */; };
		16EA3C7D1BFAB315002F71B6 /* AppDelegate.m in Sources */ = {isa = PBXBuildFile; fileRef = 16EA3C7C1BFAB315002F71B6 /* AppDelegate.m */; };
		16EA3C801BFAB315002F71B6 /* ViewController.m in Sources */ = {isa = PBXBuildFile; fileRef = 16EA3C7F1BFAB315002F71B6 /* ViewController.m */; };
		16EA3C831BFAB315002F71B6 /* Main.storyboard in Resources */ = {isa = PBXBuildFile; fileRef = 16EA3C811BFAB315002F71B6 /* Main.storyboard */; };
		16EA3C851BFAB315002F71B6 /* Assets.xcassets in Resources */ = {isa = PBXBuildFile; fileRef = 16EA3C841BFAB315002F71B6 /* Assets.xcassets */; };
		16EA3C881BFAB315002F71B6 /* LaunchScreen.storyboard in Resources */ = {isa = PBXBuildFile; fileRef = 16EA3C861BFAB315002F71B6 /* LaunchScreen.storyboard */; };
		16EA3C931BFAB315002F71B6 /* PickViewTests.m in Sources */ = {isa = PBXBuildFile; fileRef = 16EA3C921BFAB315002F71B6 /* PickViewTests.m */; };
		16EA3C9E1BFAB315002F71B6 /* PickViewUITests.m in Sources */ = {isa = PBXBuildFile; fileRef = 16EA3C9D1BFAB315002F71B6 /* PickViewUITests.m */; };
		16EA3CAD1BFAB330002F71B6 /* ZHPickView.m in Sources */ = {isa = PBXBuildFile; fileRef = 16EA3CAC1BFAB330002F71B6 /* ZHPickView.m */; };
/* End PBXBuildFile section */

/* Begin PBXContainerItemProxy section */
		16EA3C8F1BFAB315002F71B6 /* PBXContainerItemProxy */ = {
			isa = PBXContainerItemProxy;
			containerPortal = 16EA3C6D1BFAB315002F71B6 /* Project object */;
			proxyType = 1;
			remoteGlobalIDString = 16EA3C741BFAB315002F71B6;
			remoteInfo = PickView;
		};
		16EA3C9A1BFAB315002F71B6 /* PBXContainerItemProxy */ = {
			isa = PBXContainerItemProxy;
			containerPortal = 16EA3C6D1BFAB315002F71B6 /* Project object */;
			proxyType = 1;
			remoteGlobalIDString = 16EA3C741BFAB315002F71B6;
			remoteInfo = PickView;
		};
/* End PBXContainerItemProxy section */

/* Begin PBXFileReference section */
		16EA3C751BFAB315002F71B6 /* PickView.app */ = {isa = PBXFileReference; explicitFileType = wrapper.application; includeInIndex = 0; path = PickView.app; sourceTree = BUILT_PRODUCTS_DIR; };
		16EA3C791BFAB315002F71B6 /* main.m */ = {isa = PBXFileReference; lastKnownFileType = sourcecode.c.objc; path = main.m; sourceTree = "<group>"; };
		16EA3C7B1BFAB315002F71B6 /* AppDelegate.h */ = {isa = PBXFileReference; lastKnownFileType = sourcecode.c.h; path = AppDelegate.h; sourceTree = "<group>"; };
		16EA3C7C1BFAB315002F71B6 /* AppDelegate.m */ = {isa = PBXFileReference; lastKnownFileType = sourcecode.c.objc; path = AppDelegate.m; sourceTree = "<group>"; };
		16EA3C7E1BFAB315002F71B6 /* ViewController.h */ = {isa = PBXFileReference; lastKnownFileType = sourcecode.c.h; path = ViewController.h; sourceTree = "<group>"; };
		16EA3C7F1BFAB315002F71B6 /* ViewController.m */ = {isa = PBXFileReference; lastKnownFileType = sourcecode.c.objc; path = ViewController.m; sourceTree = "<group>"; };
		16EA3C821BFAB315002F71B6 /* Base */ = {isa = PBXFileReference; lastKnownFileType = file.storyboard; name = Base; path = Base.lproj/Main.storyboard; sourceTree = "<group>"; };
		16EA3C841BFAB315002F71B6 /* Assets.xcassets */ = {isa = PBXFileReference; lastKnownFileType = folder.assetcatalog; path = Assets.xcassets; sourceTree = "<group>"; };
		16EA3C871BFAB315002F71B6 /* Base */ = {isa = PBXFileReference; lastKnownFileType = file.storyboard; name = Base; path = Base.lproj/LaunchScreen.storyboard; sourceTree = "<group>"; };
		16EA3C891BFAB315002F71B6 /* Info.plist */ = {isa = PBXFileReference; lastKnownFileType = text.plist.xml; path = Info.plist; sourceTree = "<group>"; };
		16EA3C8E1BFAB315002F71B6 /* PickViewTests.xctest */ = {isa = PBXFileReference; explicitFileType = wrapper.cfbundle; includeInIndex = 0; path = PickViewTests.xctest; sourceTree = BUILT_PRODUCTS_DIR; };
		16EA3C921BFAB315002F71B6 /* PickViewTests.m */ = {isa = PBXFileReference; lastKnownFileType = sourcecode.c.objc; path = PickViewTests.m; sourceTree = "<group>"; };
		16EA3C941BFAB315002F71B6 /* Info.plist */ = {isa = PBXFileReference; lastKnownFileType = text.plist.xml; path = Info.plist; sourceTree = "<group>"; };
		16EA3C991BFAB315002F71B6 /* PickViewUITests.xctest */ = {isa = PBXFileReference; explicitFileType = wrapper.cfbundle; includeInIndex = 0; path = PickViewUITests.xctest; sourceTree = BUILT_PRODUCTS_DIR; };
		16EA3C9D1BFAB315002F71B6 /* PickViewUITests.m */ = {isa = PBXFileReference; lastKnownFileType = sourcecode.c.objc; path = PickViewUITests.m; sourceTree = "<group>"; };
		16EA3C9F1BFAB315002F71B6 /* Info.plist */ = {isa = PBXFileReference; lastKnownFileType = text.plist.xml; path = Info.plist; sourceTree = "<group>"; };
		16EA3CAB1BFAB330002F71B6 /* ZHPickView.h */ = {isa = PBXFileReference; fileEncoding = 4; lastKnownFileType = sourcecode.c.h; path = ZHPickView.h; sourceTree = "<group>"; };
		16EA3CAC1BFAB330002F71B6 /* ZHPickView.m */ = {isa = PBXFileReference; fileEncoding = 4; lastKnownFileType = sourcecode.c.objc; path = ZHPickView.m; sourceTree = "<group>"; };
/* End PBXFileReference section */

/* Begin PBXFrameworksBuildPhase section */
		16EA3C721BFAB315002F71B6 /* Frameworks */ = {
			isa = PBXFrameworksBuildPhase;
			buildActionMask = 2147483647;
			files = (
			);
			runOnlyForDeploymentPostprocessing = 0;
		};
		16EA3C8B1BFAB315002F71B6 /* Frameworks */ = {
			isa = PBXFrameworksBuildPhase;
			buildActionMask = 2147483647;
			files = (
			);
			runOnlyForDeploymentPostprocessing = 0;
		};
		16EA3C961BFAB315002F71B6 /* Frameworks */ = {
			isa = PBXFrameworksBuildPhase;
			buildActionMask = 2147483647;
			files = (
			);
			runOnlyForDeploymentPostprocessing = 0;
		};
/* End PBXFrameworksBuildPhase section */

/* Begin PBXGroup section */
		16EA3C6C1BFAB315002F71B6 = {
			isa = PBXGroup;
			children = (
				16EA3C771BFAB315002F71B6 /* PickView */,
				16EA3C911BFAB315002F71B6 /* PickViewTests */,
				16EA3C9C1BFAB315002F71B6 /* PickViewUITests */,
				16EA3C761BFAB315002F71B6 /* Products */,
			);
			sourceTree = "<group>";
		};
		16EA3C761BFAB315002F71B6 /* Products */ = {
			isa = PBXGroup;
			children = (
				16EA3C751BFAB315002F71B6 /* PickView.app */,
				16EA3C8E1BFAB315002F71B6 /* PickViewTests.xctest */,
				16EA3C991BFAB315002F71B6 /* PickViewUITests.xctest */,
			);
			name = Products;
			sourceTree = "<group>";
		};
		16EA3C771BFAB315002F71B6 /* PickView */ = {
			isa = PBXGroup;
			children = (
				16EA3CAB1BFAB330002F71B6 /* ZHPickView.h */,
				16EA3CAC1BFAB330002F71B6 /* ZHPickView.m */,
				16EA3C7B1BFAB315002F71B6 /* AppDelegate.h */,
				16EA3C7C1BFAB315002F71B6 /* AppDelegate.m */,
				16EA3C7E1BFAB315002F71B6 /* ViewController.h */,
				16EA3C7F1BFAB315002F71B6 /* ViewController.m */,
				16EA3C811BFAB315002F71B6 /* Main.storyboard */,
				16EA3C841BFAB315002F71B6 /* Assets.xcassets */,
				16EA3C861BFAB315002F71B6 /* LaunchScreen.storyboard */,
				16EA3C891BFAB315002F71B6 /* Info.plist */,
				16EA3C781BFAB315002F71B6 /* Supporting Files */,
			);
			path = PickView;
			sourceTree = "<group>";
		};
		16EA3C781BFAB315002F71B6 /* Supporting Files */ = {
			isa = PBXGroup;
			children = (
				16EA3C791BFAB315002F71B6 /* main.m */,
			);
			name = "Supporting Files";
			sourceTree = "<group>";
		};
		16EA3C911BFAB315002F71B6 /* PickViewTests */ = {
			isa = PBXGroup;
			children = (
				16EA3C921BFAB315002F71B6 /* PickViewTests.m */,
				16EA3C941BFAB315002F71B6 /* Info.plist */,
			);
			path = PickViewTests;
			sourceTree = "<group>";
		};
		16EA3C9C1BFAB315002F71B6 /* PickViewUITests */ = {
			isa = PBXGroup;
			children = (
				16EA3C9D1BFAB315002F71B6 /* PickViewUITests.m */,
				16EA3C9F1BFAB315002F71B6 /* Info.plist */,
			);
			path = PickViewUITests;
			sourceTree = "<group>";
		};
/* End PBXGroup section */

/* Begin PBXNativeTarget section */
		16EA3C741BFAB315002F71B6 /* PickView */ = {
			isa = PBXNativeTarget;
			buildConfigurationList = 16EA3CA21BFAB315002F71B6 /* Build configuration list for PBXNativeTarget "PickView" */;
			buildPhases = (
				16EA3C711BFAB315002F71B6 /* Sources */,
				16EA3C721BFAB315002F71B6 /* Frameworks */,
				16EA3C731BFAB315002F71B6 /* Resources */,
			);
			buildRules = (
			);
			dependencies = (
			);
			name = PickView;
			productName = PickView;
			productReference = 16EA3C751BFAB315002F71B6 /* PickView.app */;
			productType = "com.apple.product-type.application";
		};
		16EA3C8D1BFAB315002F71B6 /* PickViewTests */ = {
			isa = PBXNativeTarget;
			buildConfigurationList = 16EA3CA51BFAB315002F71B6 /* Build configuration list for PBXNativeTarget "PickViewTests" */;
			buildPhases = (
				16EA3C8A1BFAB315002F71B6 /* Sources */,
				16EA3C8B1BFAB315002F71B6 /* Frameworks */,
				16EA3C8C1BFAB315002F71B6 /* Resources */,
			);
			buildRules = (
			);
			dependencies = (
				16EA3C901BFAB315002F71B6 /* PBXTargetDependency */,
			);
			name = PickViewTests;
			productName = PickViewTests;
			productReference = 16EA3C8E1BFAB315002F71B6 /* PickViewTests.xctest */;
			productType = "com.apple.product-type.bundle.unit-test";
		};
		16EA3C981BFAB315002F71B6 /* PickViewUITests */ = {
			isa = PBXNativeTarget;
			buildConfigurationList = 16EA3CA81BFAB315002F71B6 /* Build configuration list for PBXNativeTarget "PickViewUITests" */;
			buildPhases = (
				16EA3C951BFAB315002F71B6 /* Sources */,
				16EA3C961BFAB315002F71B6 /* Frameworks */,
				16EA3C971BFAB315002F71B6 /* Resources */,
			);
			buildRules = (
			);
			dependencies = (
				16EA3C9B1BFAB315002F71B6 /* PBXTargetDependency */,
			);
			name = PickViewUITests;
			productName = PickViewUITests;
			productReference = 16EA3C991BFAB315002F71B6 /* PickViewUITests.xctest */;
			productType = "com.apple.product-type.bundle.ui-testing";
		};
/* End PBXNativeTarget section */

/* Begin PBXProject section */
		16EA3C6D1BFAB315002F71B6 /* Project object */ = {
			isa = PBXProject;
			attributes = {
				LastUpgradeCheck = 0710;
				ORGANIZATIONNAME = zhaozihui;
				TargetAttributes = {
					16EA3C741BFAB315002F71B6 = {
						CreatedOnToolsVersion = 7.1.1;
					};
					16EA3C8D1BFAB315002F71B6 = {
						CreatedOnToolsVersion = 7.1.1;
						TestTargetID = 16EA3C741BFAB315002F71B6;
					};
					16EA3C981BFAB315002F71B6 = {
						CreatedOnToolsVersion = 7.1.1;
						TestTargetID = 16EA3C741BFAB315002F71B6;
					};
				};
			};
			buildConfigurationList = 16EA3C701BFAB315002F71B6 /* Build configuration list for PBXProject "PickView" */;
			compatibilityVersion = "Xcode 3.2";
			developmentRegion = English;
			hasScannedForEncodings = 0;
			knownRegions = (
				en,
				Base,
			);
			mainGroup = 16EA3C6C1BFAB315002F71B6;
			productRefGroup = 16EA3C761BFAB315002F71B6 /* Products */;
			projectDirPath = "";
			projectRoot = "";
			targets = (
				16EA3C741BFAB315002F71B6 /* PickView */,
				16EA3C8D1BFAB315002F71B6 /* PickViewTests */,
				16EA3C981BFAB315002F71B6 /* PickViewUITests */,
			);
		};
/* End PBXProject section */

/* Begin PBXResourcesBuildPhase section */
		16EA3C731BFAB315002F71B6 /* Resources */ = {
			isa = PBXResourcesBuildPhase;
			buildActionMask = 2147483647;
			files = (
				16EA3C881BFAB315002F71B6 /* LaunchScreen.storyboard in Resources */,
				16EA3C851BFAB315002F71B6 /* Assets.xcassets in Resources */,
				16EA3C831BFAB315002F71B6 /* Main.storyboard in Resources */,
			);
			runOnlyForDeploymentPostprocessing = 0;
		};
		16EA3C8C1BFAB315002F71B6 /* Resources */ = {
			isa = PBXResourcesBuildPhase;
			buildActionMask = 2147483647;
			files = (
			);
			runOnlyForDeploymentPostprocessing = 0;
		};
		16EA3C971BFAB315002F71B6 /* Resources */ = {
			isa = PBXResourcesBuildPhase;
			buildActionMask = 2147483647;
			files = (
			);
			runOnlyForDeploymentPostprocessing = 0;
		};
/* End PBXResourcesBuildPhase section */

/* Begin PBXSourcesBuildPhase section */
		16EA3C711BFAB315002F71B6 /* Sources */ = {
			isa = PBXSourcesBuildPhase;
			buildActionMask = 2147483647;
			files = (
				16EA3C801BFAB315002F71B6 /* ViewController.m in Sources */,
				16EA3CAD1BFAB330002F71B6 /* ZHPickView.m in Sources */,
				16EA3C7D1BFAB315002F71B6 /* AppDelegate.m in Sources */,
				16EA3C7A1BFAB315002F71B6 /* main.m in Sources */,
			);
			runOnlyForDeploymentPostprocessing = 0;
		};
		16EA3C8A1BFAB315002F71B6 /* Sources */ = {
			isa = PBXSourcesBuildPhase;
			buildActionMask = 2147483647;
			files = (
				16EA3C931BFAB315002F71B6 /* PickViewTests.m in Sources */,
			);
			runOnlyForDeploymentPostprocessing = 0;
		};
		16EA3C951BFAB315002F71B6 /* Sources */ = {
			isa = PBXSourcesBuildPhase;
			buildActionMask = 2147483647;
			files = (
				16EA3C9E1BFAB315002F71B6 /* PickViewUITests.m in Sources */,
			);
			runOnlyForDeploymentPostprocessing = 0;
		};
/* End PBXSourcesBuildPhase section */

/* Begin PBXTargetDependency section */
		16EA3C901BFAB315002F71B6 /* PBXTargetDependency */ = {
			isa = PBXTargetDependency;
			target = 16EA3C741BFAB315002F71B6 /* PickView */;
			targetProxy = 16EA3C8F1BFAB315002F71B6 /* PBXContainerItemProxy */;
		};
		16EA3C9B1BFAB315002F71B6 /* PBXTargetDependency */ = {
			isa = PBXTargetDependency;
			target = 16EA3C741BFAB315002F71B6 /* PickView */;
			targetProxy = 16EA3C9A1BFAB315002F71B6 /* PBXContainerItemProxy */;
		};
/* End PBXTargetDependency section */

/* Begin PBXVariantGroup section */
		16EA3C811BFAB315002F71B6 /* Main.storyboard */ = {
			isa = PBXVariantGroup;
			children = (
				16EA3C821BFAB315002F71B6 /* Base */,
			);
			name = Main.storyboard;
			sourceTree = "<group>";
		};
		16EA3C861BFAB315002F71B6 /* LaunchScreen.storyboard */ = {
			isa = PBXVariantGroup;
			children = (
				16EA3C871BFAB315002F71B6 /* Base */,
			);
			name = LaunchScreen.storyboard;
			sourceTree = "<group>";
		};
/* End PBXVariantGroup section */

/* Begin XCBuildConfiguration section */
		16EA3CA01BFAB315002F71B6 /* Debug */ = {
			isa = XCBuildConfiguration;
			buildSettings = {
				ALWAYS_SEARCH_USER_PATHS = NO;
				CLANG_CXX_LANGUAGE_STANDARD = "gnu++0x";
				CLANG_CXX_LIBRARY = "libc++";
				CLANG_ENABLE_MODULES = YES;
				CLANG_ENABLE_OBJC_ARC = YES;
				CLANG_WARN_BOOL_CONVERSION = YES;
				CLANG_WARN_CONSTANT_CONVERSION = YES;
				CLANG_WARN_DIRECT_OBJC_ISA_USAGE = YES_ERROR;
				CLANG_WARN_EMPTY_BODY = YES;
				CLANG_WARN_ENUM_CONVERSION = YES;
				CLANG_WARN_INT_CONVERSION = YES;
				CLANG_WARN_OBJC_ROOT_CLASS = YES_ERROR;
				CLANG_WARN_UNREACHABLE_CODE = YES;
				CLANG_WARN__DUPLICATE_METHOD_MATCH = YES;
				"CODE_SIGN_IDENTITY[sdk=iphoneos*]" = "iPhone Developer";
				COPY_PHASE_STRIP = NO;
				DEBUG_INFORMATION_FORMAT = dwarf;
				ENABLE_STRICT_OBJC_MSGSEND = YES;
				ENABLE_TESTABILITY = YES;
				GCC_C_LANGUAGE_STANDARD = gnu99;
				GCC_DYNAMIC_NO_PIC = NO;
				GCC_NO_COMMON_BLOCKS = YES;
				GCC_OPTIMIZATION_LEVEL = 0;
				GCC_PREPROCESSOR_DEFINITIONS = (
					"DEBUG=1",
					"$(inherited)",
				);
				GCC_WARN_64_TO_32_BIT_CONVERSION = YES;
				GCC_WARN_ABOUT_RETURN_TYPE = YES_ERROR;
				GCC_WARN_UNDECLARED_SELECTOR = YES;
				GCC_WARN_UNINITIALIZED_AUTOS = YES_AGGRESSIVE;
				GCC_WARN_UNUSED_FUNCTION = YES;
				GCC_WARN_UNUSED_VARIABLE = YES;
				IPHONEOS_DEPLOYMENT_TARGET = 9.1;
				MTL_ENABLE_DEBUG_INFO = YES;
				ONLY_ACTIVE_ARCH = YES;
				SDKROOT = iphoneos;
				TARGETED_DEVICE_FAMILY = "1,2";
			};
			name = Debug;
		};
		16EA3CA11BFAB315002F71B6 /* Release */ = {
			isa = XCBuildConfiguration;
			buildSettings = {
				ALWAYS_SEARCH_USER_PATHS = NO;
				CLANG_CXX_LANGUAGE_STANDARD = "gnu++0x";
				CLANG_CXX_LIBRARY = "libc++";
				CLANG_ENABLE_MODULES = YES;
				CLANG_ENABLE_OBJC_ARC = YES;
				CLANG_WARN_BOOL_CONVERSION = YES;
				CLANG_WARN_CONSTANT_CONVERSION = YES;
				CLANG_WARN_DIRECT_OBJC_ISA_USAGE = YES_ERROR;
				CLANG_WARN_EMPTY_BODY = YES;
				CLANG_WARN_ENUM_CONVERSION = YES;
				CLANG_WARN_INT_CONVERSION = YES;
				CLANG_WARN_OBJC_ROOT_CLASS = YES_ERROR;
				CLANG_WARN_UNREACHABLE_CODE = YES;
				CLANG_WARN__DUPLICATE_METHOD_MATCH = YES;
				"CODE_SIGN_IDENTITY[sdk=iphoneos*]" = "iPhone Developer";
				COPY_PHASE_STRIP = NO;
				DEBUG_INFORMATION_FORMAT = "dwarf-with-dsym";
				ENABLE_NS_ASSERTIONS = NO;
				ENABLE_STRICT_OBJC_MSGSEND = YES;
				GCC_C_LANGUAGE_STANDARD = gnu99;
				GCC_NO_COMMON_BLOCKS = YES;
				GCC_WARN_64_TO_32_BIT_CONVERSION = YES;
				GCC_WARN_ABOUT_RETURN_TYPE = YES_ERROR;
				GCC_WARN_UNDECLARED_SELECTOR = YES;
				GCC_WARN_UNINITIALIZED_AUTOS = YES_AGGRESSIVE;
				GCC_WARN_UNUSED_FUNCTION = YES;
				GCC_WARN_UNUSED_VARIABLE = YES;
				IPHONEOS_DEPLOYMENT_TARGET = 9.1;
				MTL_ENABLE_DEBUG_INFO = NO;
				SDKROOT = iphoneos;
				TARGETED_DEVICE_FAMILY = "1,2";
				VALIDATE_PRODUCT = YES;
			};
			name = Release;
		};
		16EA3CA31BFAB315002F71B6 /* Debug */ = {
			isa = XCBuildConfiguration;
			buildSettings = {
				ASSETCATALOG_COMPILER_APPICON_NAME = AppIcon;
				INFOPLIST_FILE = PickView/Info.plist;
				LD_RUNPATH_SEARCH_PATHS = "$(inherited) @executable_path/Frameworks";
				PRODUCT_BUNDLE_IDENTIFIER = gmail.zhaozihui.PickView;
				PRODUCT_NAME = "$(TARGET_NAME)";
			};
			name = Debug;
		};
		16EA3CA41BFAB315002F71B6 /* Release */ = {
			isa = XCBuildConfiguration;
			buildSettings = {
				ASSETCATALOG_COMPILER_APPICON_NAME = AppIcon;
				INFOPLIST_FILE = PickView/Info.plist;
				LD_RUNPATH_SEARCH_PATHS = "$(inherited) @executable_path/Frameworks";
				PRODUCT_BUNDLE_IDENTIFIER = gmail.zhaozihui.PickView;
				PRODUCT_NAME = "$(TARGET_NAME)";
			};
			name = Release;
		};
		16EA3CA61BFAB315002F71B6 /* Debug */ = {
			isa = XCBuildConfiguration;
			buildSettings = {
				BUNDLE_LOADER = "$(TEST_HOST)";
				INFOPLIST_FILE = PickViewTests/Info.plist;
				LD_RUNPATH_SEARCH_PATHS = "$(inherited) @executable_path/Frameworks @loader_path/Frameworks";
				PRODUCT_BUNDLE_IDENTIFIER = gmail.zhaozihui.PickViewTests;
				PRODUCT_NAME = "$(TARGET_NAME)";
				TEST_HOST = "$(BUILT_PRODUCTS_DIR)/PickView.app/PickView";
			};
			name = Debug;
		};
		16EA3CA71BFAB315002F71B6 /* Release */ = {
			isa = XCBuildConfiguration;
			buildSettings = {
				BUNDLE_LOADER = "$(TEST_HOST)";
				INFOPLIST_FILE = PickViewTests/Info.plist;
				LD_RUNPATH_SEARCH_PATHS = "$(inherited) @executable_path/Frameworks @loader_path/Frameworks";
				PRODUCT_BUNDLE_IDENTIFIER = gmail.zhaozihui.PickViewTests;
				PRODUCT_NAME = "$(TARGET_NAME)";
				TEST_HOST = "$(BUILT_PRODUCTS_DIR)/PickView.app/PickView";
			};
			name = Release;
		};
		16EA3CA91BFAB315002F71B6 /* Debug */ = {
			isa = XCBuildConfiguration;
			buildSettings = {
				INFOPLIST_FILE = PickViewUITests/Info.plist;
				LD_RUNPATH_SEARCH_PATHS = "$(inherited) @executable_path/Frameworks @loader_path/Frameworks";
				PRODUCT_BUNDLE_IDENTIFIER = gmail.zhaozihui.PickViewUITests;
				PRODUCT_NAME = "$(TARGET_NAME)";
				TEST_TARGET_NAME = PickView;
				USES_XCTRUNNER = YES;
			};
			name = Debug;
		};
		16EA3CAA1BFAB315002F71B6 /* Release */ = {
			isa = XCBuildConfiguration;
			buildSettings = {
				INFOPLIST_FILE = PickViewUITests/Info.plist;
				LD_RUNPATH_SEARCH_PATHS = "$(inherited) @executable_path/Frameworks @loader_path/Frameworks";
				PRODUCT_BUNDLE_IDENTIFIER = gmail.zhaozihui.PickViewUITests;
				PRODUCT_NAME = "$(TARGET_NAME)";
				TEST_TARGET_NAME = PickView;
				USES_XCTRUNNER = YES;
			};
			name = Release;
		};
/* End XCBuildConfiguration section */

/* Begin XCConfigurationList section */
		16EA3C701BFAB315002F71B6 /* Build configuration list for PBXProject "PickView" */ = {
			isa = XCConfigurationList;
			buildConfigurations = (
				16EA3CA01BFAB315002F71B6 /* Debug */,
				16EA3CA11BFAB315002F71B6 /* Release */,
			);
			defaultConfigurationIsVisible = 0;
			defaultConfigurationName = Release;
		};
		16EA3CA21BFAB315002F71B6 /* Build configuration list for PBXNativeTarget "PickView" */ = {
			isa = XCConfigurationList;
			buildConfigurations = (
				16EA3CA31BFAB315002F71B6 /* Debug */,
				16EA3CA41BFAB315002F71B6 /* Release */,
			);
			defaultConfigurationIsVisible = 0;
		};
		16EA3CA51BFAB315002F71B6 /* Build configuration list for PBXNativeTarget "PickViewTests" */ = {
			isa = XCConfigurationList;
			buildConfigurations = (
				16EA3CA61BFAB315002F71B6 /* Debug */,
				16EA3CA71BFAB315002F71B6 /* Release */,
			);
			defaultConfigurationIsVisible = 0;
		};
		16EA3CA81BFAB315002F71B6 /* Build configuration list for PBXNativeTarget "PickViewUITests" */ = {
			isa = XCConfigurationList;
			buildConfigurations = (
				16EA3CA91BFAB315002F71B6 /* Debug */,
				16EA3CAA1BFAB315002F71B6 /* Release */,
			);
			defaultConfigurationIsVisible = 0;
		};
/* End XCConfigurationList section */
	};
	rootObject = 16EA3C6D1BFAB315002F71B6 /* Project object */;
}
